
Microsoft Visual Studio Solution File, Format Version 12.00
# Visual Studio Version 16
VisualStudioVersion = 16.0.29920.165
MinimumVisualStudioVersion = 10.0.40219.1
Project("{FAE04EC0-301F-11D3-BF4B-00C04F79EFBC}") = "Sandbox", "Sandbox\Sandbox.csproj", "{5588513E-26E9-4178-B82D-D7AB8E58B965}"
EndProject
Global
	GlobalSection(SolutionConfigurationPlatforms) = preSolution
		Debug|Any CPU = Debug|Any CPU
		Release|Any CPU = Release|Any CPU
	EndGlobalSection
	GlobalSection(ProjectConfigurationPlatforms) = postSolution
		{5588513E-26E9-4178-B82D-D7AB8E58B965}.Debug|Any CPU.ActiveCfg = Debug|Any CPU
		{5588513E-26E9-4178-B82D-D7AB8E58B965}.Debug|Any CPU.Build.0 = Debug|Any CPU
		{5588513E-26E9-4178-B82D-D7AB8E58B965}.Release|Any CPU.ActiveCfg = Release|Any CPU
		{5588513E-26E9-4178-B82D-D7AB8E58B965}.Release|Any CPU.Build.0 = Release|Any CPU
	EndGlobalSection
	GlobalSection(SolutionProperties) = preSolution
		HideSolutionNode = FALSE
	EndGlobalSection
	GlobalSection(ExtensibilityGlobals) = postSolution
		SolutionGuid = {D1F8DB45-B380-42D0-9C03-A112DC959672}
	EndGlobalSection
EndGlobal
